// !$*UTF8*$!
{
	archiveVersion = 1;
	objectVersion = 56;
	objects = {

/* Begin PBXBuildFile section */
		1 /* BlueAIApp.swift */ = {isa = PBXBuildFile; fileRef = 11; };
		2 /* ContentView.swift */ = {isa = PBXBuildFile; fileRef = 12; };
		3 /* HomeView.swift */ = {isa = PBXBuildFile; fileRef = 13; };
		4 /* AssistantView.swift */ = {isa = PBXBuildFile; fileRef = 14; };
		5 /* SettingsView.swift */ = {isa = PBXBuildFile; fileRef = 15; };
		6 /* Theme.swift */ = {isa = PBXBuildFile; fileRef = 16; };
/* End PBXBuildFile section */

/* Begin PBXFileReference section */
		10 /* BlueAI.app */ = {isa = PBXFileReference; explicitFileType = wrapper.application; path = BlueAI.app; sourceTree = BUILT_PRODUCTS_DIR; };
		11 /* BlueAIApp.swift */ = {isa = PBXFileReference; lastKnownFileType = sourcecode.swift; path = BlueAI/BlueAIApp.swift; sourceTree = SOURCE_ROOT; };
		12 /* ContentView.swift */ = {isa = PBXFileReference; lastKnownFileType = sourcecode.swift; path = BlueAI/ContentView.swift; sourceTree = SOURCE_ROOT; };
		13 /* HomeView.swift */ = {isa = PBXFileReference; lastKnownFileType = sourcecode.swift; path = BlueAI/HomeView.swift; sourceTree = SOURCE_ROOT; };
		14 /* AssistantView.swift */ = {isa = PBXFileReference; lastKnownFileType = sourcecode.swift; path = BlueAI/AssistantView.swift; sourceTree = SOURCE_ROOT; };
		15 /* SettingsView.swift */ = {isa = PBXFileReference; lastKnownFileType = sourcecode.swift; path = BlueAI/SettingsView.swift; sourceTree = SOURCE_ROOT; };
		16 /* Theme.swift */ = {isa = PBXFileReference; lastKnownFileType = sourcecode.swift; path = BlueAI/Theme.swift; sourceTree = SOURCE_ROOT; };
		17 /* Info.plist */ = {isa = PBXFileReference; lastKnownFileType = text.plist.xml; path = BlueAI/Info.plist; sourceTree = SOURCE_ROOT; };
/* End PBXFileReference section */

/* Begin PBXGroup section */
		20 = {
			isa = PBXGroup;
			children = (
				21,
				22,
			);
			sourceTree = "<group>";
		};
		21 = {
			isa = PBXGroup;
			name = BlueAI;
			children = (
				11,
				12,
				13,
				14,
				15,
				16,
				17,
			);
			sourceTree = "<group>";
		};
		22 = {
			isa = PBXGroup;
			name = Products;
			children = (
				10,
			);
			sourceTree = "<group>";
		};
/* End PBXGroup section */

/* Begin PBXSourcesBuildPhase section */
		30 = {
			isa = PBXSourcesBuildPhase;
			files = (
				1,
				2,
				3,
				4,
				5,
				6,
			);
		};
/* End PBXSourcesBuildPhase section */

/* Begin PBXFrameworksBuildPhase section */
		31 = {
			isa = PBXFrameworksBuildPhase;
			files = ();
		};
/* End PBXFrameworksBuildPhase section */

/* Begin PBXResourcesBuildPhase section */
		32 = {
			isa = PBXResourcesBuildPhase;
			files = ();
		};
/* End PBXResourcesBuildPhase section */

/* Begin PBXNativeTarget section */
		40 = {
			isa = PBXNativeTarget;
			name = BlueAI;
			productName = BlueAI;
			productReference = 10;
			productType = "com.apple.product-type.application";
			buildPhases = (
				30,
				31,
				32,
			);
			buildConfigurationList = 50;
		};
/* End PBXNativeTarget section */

/* Begin PBXProject section */
		41 = {
			isa = PBXProject;
			mainGroup = 20;
			productRefGroup = 22;
			targets = (
				40,
			);
			buildConfigurationList = 51;
			compatibilityVersion = "Xcode 14.0";
			developmentRegion = en;
		};
/* End PBXProject section */

/* Begin XCBuildConfiguration section */
		60 = {
			isa = XCBuildConfiguration;
			name = Debug;
			buildSettings = {
				SDKROOT = iphoneos;
			};
		};
		61 = {
			isa = XCBuildConfiguration;
			name = Release;
			buildSettings = {
				SDKROOT = iphoneos;
			};
		};

		62 = {
			isa = XCBuildConfiguration;
			name = Debug;
			buildSettings = {
				CODE_SIGN_STYLE = Automatic;
				DEVELOPMENT_TEAM = TP65F453BM;
				PRODUCT_BUNDLE_IDENTIFIER = com.geomods2017.blueai;
				INFOPLIST_FILE = BlueAI/Info.plist;
				IPHONEOS_DEPLOYMENT_TARGET = 16.0;
				SWIFT_VERSION = 5.0;
				PRODUCT_NAME = "$(TARGET_NAME)";
			};
		};

		63 = {
			isa = XCBuildConfiguration;
			name = Release;
			buildSettings = {
				CODE_SIGN_STYLE = Automatic;
				DEVELOPMENT_TEAM = TP65F453BM;
				PRODUCT_BUNDLE_IDENTIFIER = com.geomods2017.blueai;
				INFOPLIST_FILE = BlueAI/Info.plist;
				IPHONEOS_DEPLOYMENT_TARGET = 16.0;
				SWIFT_VERSION = 5.0;
				PRODUCT_NAME = "$(TARGET_NAME)";
			};
		};
/* End XCBuildConfiguration section */

/* Begin XCConfigurationList section */
		50 = {
			isa = XCConfigurationList;
			buildConfigurations = (
				62,
				63,
			);
			defaultConfigurationName = Release;
		};
		51 = {
			isa = XCConfigurationList;
			buildConfigurations = (
				60,
				61,
			);
			defaultConfigurationName = Release;
		};
/* End XCConfigurationList section */

	};
	rootObject = 41;
}
